
Microsoft Visual Studio Solution File, Format Version 12.00
# Visual Studio Version 17
VisualStudioVersion = 17.11.35327.3
MinimumVisualStudioVersion = 10.0.40219.1
Project("{FAE04EC0-301F-11D3-BF4B-00C04F79EFBC}") = "deneme1", "deneme1\deneme1.csproj", "{FF72170E-5AF6-4196-BB57-DAF2AAAD58D2}"
EndProject
Global
	GlobalSection(SolutionConfigurationPlatforms) = preSolution
		Debug|Any CPU = Debug|Any CPU
		Release|Any CPU = Release|Any CPU
	EndGlobalSection
	GlobalSection(ProjectConfigurationPlatforms) = postSolution
		{FF72170E-5AF6-4196-BB57-DAF2AAAD58D2}.Debug|Any CPU.ActiveCfg = Debug|Any CPU
		{FF72170E-5AF6-4196-BB57-DAF2AAAD58D2}.Debug|Any CPU.Build.0 = Debug|Any CPU
		{FF72170E-5AF6-4196-BB57-DAF2AAAD58D2}.Release|Any CPU.ActiveCfg = Release|Any CPU
		{FF72170E-5AF6-4196-BB57-DAF2AAAD58D2}.Release|Any CPU.Build.0 = Release|Any CPU
	EndGlobalSection
	GlobalSection(SolutionProperties) = preSolution
		HideSolutionNode = FALSE
	EndGlobalSection
	GlobalSection(ExtensibilityGlobals) = postSolution
		SolutionGuid = {B0F5EB98-09ED-40CE-905E-CF8C02BE3F28}
	EndGlobalSection
EndGlobal
